
Microsoft Visual Studio Solution File, Format Version 12.00
# Visual Studio 15
VisualStudioVersion = 15.0.28307.1231
MinimumVisualStudioVersion = 10.0.40219.1
Project("{FAE04EC0-301F-11D3-BF4B-00C04F79EFBC}") = "JiSuan", "JiSuan\JiSuan.csproj", "{C2AEA69A-79C4-48D4-9860-031FB0988C0B}"
EndProject
Global
	GlobalSection(SolutionConfigurationPlatforms) = preSolution
		Debug|Any CPU = Debug|Any CPU
		Release|Any CPU = Release|Any CPU
	EndGlobalSection
	GlobalSection(ProjectConfigurationPlatforms) = postSolution
		{C2AEA69A-79C4-48D4-9860-031FB0988C0B}.Debug|Any CPU.ActiveCfg = Debug|Any CPU
		{C2AEA69A-79C4-48D4-9860-031FB0988C0B}.Debug|Any CPU.Build.0 = Debug|Any CPU
		{C2AEA69A-79C4-48D4-9860-031FB0988C0B}.Release|Any CPU.ActiveCfg = Release|Any CPU
		{C2AEA69A-79C4-48D4-9860-031FB0988C0B}.Release|Any CPU.Build.0 = Release|Any CPU
	EndGlobalSection
	GlobalSection(SolutionProperties) = preSolution
		HideSolutionNode = FALSE
	EndGlobalSection
	GlobalSection(ExtensibilityGlobals) = postSolution
		SolutionGuid = {44E05090-EA73-4B7E-BC27-CBAD7211B533}
	EndGlobalSection
EndGlobal
